
Microsoft Visual Studio Solution File, Format Version 12.00
Project("{FAE04EC0-301F-11D3-BF4B-00C04F79EFBC}") = "Tests", "Tests\Tests.csproj", "{4E393993-ADEE-4700-867A-BDDCD15B5F31}"
EndProject
Project("{FAE04EC0-301F-11D3-BF4B-00C04F79EFBC}") = "XpandEventsSourceGenerator", "XpandEventsSourceGenerator\XpandEventsSourceGenerator.csproj", "{7E6E4C4A-FD36-4E87-80A6-61BA92FE86D0}"
EndProject
Project("{FAE04EC0-301F-11D3-BF4B-00C04F79EFBC}") = "Xpand-Events-Old", "Xpand-Events-Old\Xpand-Events-Old.csproj", "{6C4A6DCE-7BD2-42D5-855A-F6C9D5AB3927}"
EndProject
Global
	GlobalSection(SolutionConfigurationPlatforms) = preSolution
		Debug|Any CPU = Debug|Any CPU
		Release|Any CPU = Release|Any CPU
	EndGlobalSection
	GlobalSection(ProjectConfigurationPlatforms) = postSolution
		{4E393993-ADEE-4700-867A-BDDCD15B5F31}.Debug|Any CPU.ActiveCfg = Debug|Any CPU
		{4E393993-ADEE-4700-867A-BDDCD15B5F31}.Debug|Any CPU.Build.0 = Debug|Any CPU
		{4E393993-ADEE-4700-867A-BDDCD15B5F31}.Release|Any CPU.ActiveCfg = Release|Any CPU
		{4E393993-ADEE-4700-867A-BDDCD15B5F31}.Release|Any CPU.Build.0 = Release|Any CPU
		{7E6E4C4A-FD36-4E87-80A6-61BA92FE86D0}.Debug|Any CPU.ActiveCfg = Debug|Any CPU
		{7E6E4C4A-FD36-4E87-80A6-61BA92FE86D0}.Debug|Any CPU.Build.0 = Debug|Any CPU
		{7E6E4C4A-FD36-4E87-80A6-61BA92FE86D0}.Release|Any CPU.ActiveCfg = Release|Any CPU
		{7E6E4C4A-FD36-4E87-80A6-61BA92FE86D0}.Release|Any CPU.Build.0 = Release|Any CPU
		{6C4A6DCE-7BD2-42D5-855A-F6C9D5AB3927}.Debug|Any CPU.ActiveCfg = Debug|Any CPU
		{6C4A6DCE-7BD2-42D5-855A-F6C9D5AB3927}.Debug|Any CPU.Build.0 = Debug|Any CPU
		{6C4A6DCE-7BD2-42D5-855A-F6C9D5AB3927}.Release|Any CPU.ActiveCfg = Release|Any CPU
		{6C4A6DCE-7BD2-42D5-855A-F6C9D5AB3927}.Release|Any CPU.Build.0 = Release|Any CPU
	EndGlobalSection
EndGlobal
